// !$*UTF8*$!
{
	archiveVersion = 1;
	classes = {
	};
	objectVersion = 46;
	objects = {

/* Begin PBXBuildFile section */
		8C10B3EE1B098A9D00F0AFBF /* ApiKeys.plist in Resources */ = {isa = PBXBuildFile; fileRef = 8C10B3ED1B098A9D00F0AFBF /* ApiKeys.plist */; };
		8C10B3F01B098AEF00F0AFBF /* ApiKeys.swift in Sources */ = {isa = PBXBuildFile; fileRef = 8C10B3EF1B098AEF00F0AFBF /* ApiKeys.swift */; };
		8C276C341AFF9C190003B860 /* CoreLocationController.swift in Sources */ = {isa = PBXBuildFile; fileRef = 8C276C331AFF9C190003B860 /* CoreLocationController.swift */; };
		8CC014031B0781EA00ACF593 /* CoreLocation.framework in Frameworks */ = {isa = PBXBuildFile; fileRef = 8CC014021B0781EA00ACF593 /* CoreLocation.framework */; };
		8CFC7DD41AFC694D007A92F3 /* AppDelegate.swift in Sources */ = {isa = PBXBuildFile; fileRef = 8CFC7DD31AFC694D007A92F3 /* AppDelegate.swift */; };
		8CFC7DD61AFC694D007A92F3 /* ViewController.swift in Sources */ = {isa = PBXBuildFile; fileRef = 8CFC7DD51AFC694D007A92F3 /* ViewController.swift */; };
		8CFC7DD91AFC694D007A92F3 /* Main.storyboard in Resources */ = {isa = PBXBuildFile; fileRef = 8CFC7DD71AFC694D007A92F3 /* Main.storyboard */; };
		8CFC7DDB1AFC694D007A92F3 /* Images.xcassets in Resources */ = {isa = PBXBuildFile; fileRef = 8CFC7DDA1AFC694D007A92F3 /* Images.xcassets */; };
		8CFC7DDE1AFC694D007A92F3 /* LaunchScreen.xib in Resources */ = {isa = PBXBuildFile; fileRef = 8CFC7DDC1AFC694D007A92F3 /* LaunchScreen.xib */; };
		8CFC7DEA1AFC694D007A92F3 /* StormyTests.swift in Sources */ = {isa = PBXBuildFile; fileRef = 8CFC7DE91AFC694D007A92F3 /* StormyTests.swift */; };
		8CFC7DF51AFCF479007A92F3 /* Current.swift in Sources */ = {isa = PBXBuildFile; fileRef = 8CFC7DF41AFCF479007A92F3 /* Current.swift */; };
/* End PBXBuildFile section */

/* Begin PBXContainerItemProxy section */
		8CFC7DE41AFC694D007A92F3 /* PBXContainerItemProxy */ = {
			isa = PBXContainerItemProxy;
			containerPortal = 8CFC7DC61AFC694D007A92F3 /* Project object */;
			proxyType = 1;
			remoteGlobalIDString = 8CFC7DCD1AFC694D007A92F3;
			remoteInfo = Stormy;
		};
/* End PBXContainerItemProxy section */

/* Begin PBXFileReference section */
		8C10B3ED1B098A9D00F0AFBF /* ApiKeys.plist */ = {isa = PBXFileReference; fileEncoding = 4; lastKnownFileType = text.plist.xml; path = ApiKeys.plist; sourceTree = "<group>"; };
		8C10B3EF1B098AEF00F0AFBF /* ApiKeys.swift */ = {isa = PBXFileReference; fileEncoding = 4; lastKnownFileType = sourcecode.swift; path = ApiKeys.swift; sourceTree = "<group>"; };
		8C276C331AFF9C190003B860 /* CoreLocationController.swift */ = {isa = PBXFileReference; fileEncoding = 4; lastKnownFileType = sourcecode.swift; path = CoreLocationController.swift; sourceTree = "<group>"; };
		8CC014021B0781EA00ACF593 /* CoreLocation.framework */ = {isa = PBXFileReference; lastKnownFileType = wrapper.framework; name = CoreLocation.framework; path = System/Library/Frameworks/CoreLocation.framework; sourceTree = SDKROOT; };
		8CFC7DCE1AFC694D007A92F3 /* Stormy.app */ = {isa = PBXFileReference; explicitFileType = wrapper.application; includeInIndex = 0; path = Stormy.app; sourceTree = BUILT_PRODUCTS_DIR; };
		8CFC7DD21AFC694D007A92F3 /* Info.plist */ = {isa = PBXFileReference; lastKnownFileType = text.plist.xml; path = Info.plist; sourceTree = "<group>"; };
		8CFC7DD31AFC694D007A92F3 /* AppDelegate.swift */ = {isa = PBXFileReference; lastKnownFileType = sourcecode.swift; path = AppDelegate.swift; sourceTree = "<group>"; };
		8CFC7DD51AFC694D007A92F3 /* ViewController.swift */ = {isa = PBXFileReference; lastKnownFileType = sourcecode.swift; path = ViewController.swift; sourceTree = "<group>"; };
		8CFC7DD81AFC694D007A92F3 /* Base */ = {isa = PBXFileReference; lastKnownFileType = file.storyboard; name = Base; path = Base.lproj/Main.storyboard; sourceTree = "<group>"; };
		8CFC7DDA1AFC694D007A92F3 /* Images.xcassets */ = {isa = PBXFileReference; lastKnownFileType = folder.assetcatalog; path = Images.xcassets; sourceTree = "<group>"; };
		8CFC7DDD1AFC694D007A92F3 /* Base */ = {isa = PBXFileReference; lastKnownFileType = file.xib; name = Base; path = Base.lproj/LaunchScreen.xib; sourceTree = "<group>"; };
		8CFC7DE31AFC694D007A92F3 /* StormyTests.xctest */ = {isa = PBXFileReference; explicitFileType = wrapper.cfbundle; includeInIndex = 0; path = StormyTests.xctest; sourceTree = BUILT_PRODUCTS_DIR; };
		8CFC7DE81AFC694D007A92F3 /* Info.plist */ = {isa = PBXFileReference; lastKnownFileType = text.plist.xml; path = Info.plist; sourceTree = "<group>"; };
		8CFC7DE91AFC694D007A92F3 /* StormyTests.swift */ = {isa = PBXFileReference; lastKnownFileType = sourcecode.swift; path = StormyTests.swift; sourceTree = "<group>"; };
		8CFC7DF41AFCF479007A92F3 /* Current.swift */ = {isa = PBXFileReference; fileEncoding = 4; lastKnownFileType = sourcecode.swift; path = Current.swift; sourceTree = "<group>"; };
/* End PBXFileReference section */

/* Begin PBXFrameworksBuildPhase section */
		8CFC7DCB1AFC694D007A92F3 /* Frameworks */ = {
			isa = PBXFrameworksBuildPhase;
			buildActionMask = 2147483647;
			files = (
				8CC014031B0781EA00ACF593 /* CoreLocation.framework in Frameworks */,
			);
			runOnlyForDeploymentPostprocessing = 0;
		};
		8CFC7DE01AFC694D007A92F3 /* Frameworks */ = {
			isa = PBXFrameworksBuildPhase;
			buildActionMask = 2147483647;
			files = (
			);
			runOnlyForDeploymentPostprocessing = 0;
		};
/* End PBXFrameworksBuildPhase section */

/* Begin PBXGroup section */
		8CFC7DC51AFC694D007A92F3 = {
			isa = PBXGroup;
			children = (
				8CFC7DD01AFC694D007A92F3 /* Stormy */,
				8CFC7DE61AFC694D007A92F3 /* StormyTests */,
				8CFC7DCF1AFC694D007A92F3 /* Products */,
			);
			sourceTree = "<group>";
		};
		8CFC7DCF1AFC694D007A92F3 /* Products */ = {
			isa = PBXGroup;
			children = (
				8CFC7DCE1AFC694D007A92F3 /* Stormy.app */,
				8CFC7DE31AFC694D007A92F3 /* StormyTests.xctest */,
			);
			name = Products;
			sourceTree = "<group>";
		};
		8CFC7DD01AFC694D007A92F3 /* Stormy */ = {
			isa = PBXGroup;
			children = (
				8CFC7DD31AFC694D007A92F3 /* AppDelegate.swift */,
				8CFC7DD51AFC694D007A92F3 /* ViewController.swift */,
				8C10B3EF1B098AEF00F0AFBF /* ApiKeys.swift */,
				8C10B3ED1B098A9D00F0AFBF /* ApiKeys.plist */,
				8C276C331AFF9C190003B860 /* CoreLocationController.swift */,
				8CFC7DF41AFCF479007A92F3 /* Current.swift */,
				8CFC7DD71AFC694D007A92F3 /* Main.storyboard */,
				8CFC7DDA1AFC694D007A92F3 /* Images.xcassets */,
				8CFC7DDC1AFC694D007A92F3 /* LaunchScreen.xib */,
				8CFC7DD11AFC694D007A92F3 /* Supporting Files */,
			);
			path = Stormy;
			sourceTree = "<group>";
		};
		8CFC7DD11AFC694D007A92F3 /* Supporting Files */ = {
			isa = PBXGroup;
			children = (
				8CC014021B0781EA00ACF593 /* CoreLocation.framework */,
				8CFC7DD21AFC694D007A92F3 /* Info.plist */,
			);
			name = "Supporting Files";
			sourceTree = "<group>";
		};
		8CFC7DE61AFC694D007A92F3 /* StormyTests */ = {
			isa = PBXGroup;
			children = (
				8CFC7DE91AFC694D007A92F3 /* StormyTests.swift */,
				8CFC7DE71AFC694D007A92F3 /* Supporting Files */,
			);
			path = StormyTests;
			sourceTree = "<group>";
		};
		8CFC7DE71AFC694D007A92F3 /* Supporting Files */ = {
			isa = PBXGroup;
			children = (
				8CFC7DE81AFC694D007A92F3 /* Info.plist */,
			);
			name = "Supporting Files";
			sourceTree = "<group>";
		};
/* End PBXGroup section */

/* Begin PBXNativeTarget section */
		8CFC7DCD1AFC694D007A92F3 /* Stormy */ = {
			isa = PBXNativeTarget;
			buildConfigurationList = 8CFC7DED1AFC694D007A92F3 /* Build configuration list for PBXNativeTarget "Stormy" */;
			buildPhases = (
				8CFC7DCA1AFC694D007A92F3 /* Sources */,
				8CFC7DCB1AFC694D007A92F3 /* Frameworks */,
				8CFC7DCC1AFC694D007A92F3 /* Resources */,
			);
			buildRules = (
			);
			dependencies = (
			);
			name = Stormy;
			productName = Stormy;
			productReference = 8CFC7DCE1AFC694D007A92F3 /* Stormy.app */;
			productType = "com.apple.product-type.application";
		};
		8CFC7DE21AFC694D007A92F3 /* StormyTests */ = {
			isa = PBXNativeTarget;
			buildConfigurationList = 8CFC7DF01AFC694D007A92F3 /* Build configuration list for PBXNativeTarget "StormyTests" */;
			buildPhases = (
				8CFC7DDF1AFC694D007A92F3 /* Sources */,
				8CFC7DE01AFC694D007A92F3 /* Frameworks */,
				8CFC7DE11AFC694D007A92F3 /* Resources */,
			);
			buildRules = (
			);
			dependencies = (
				8CFC7DE51AFC694D007A92F3 /* PBXTargetDependency */,
			);
			name = StormyTests;
			productName = StormyTests;
			productReference = 8CFC7DE31AFC694D007A92F3 /* StormyTests.xctest */;
			productType = "com.apple.product-type.bundle.unit-test";
		};
/* End PBXNativeTarget section */

/* Begin PBXProject section */
		8CFC7DC61AFC694D007A92F3 /* Project object */ = {
			isa = PBXProject;
			attributes = {
				LastUpgradeCheck = 0630;
				ORGANIZATIONNAME = "Witt Labs, LLC";
				TargetAttributes = {
					8CFC7DCD1AFC694D007A92F3 = {
						CreatedOnToolsVersion = 6.3.1;
					};
					8CFC7DE21AFC694D007A92F3 = {
						CreatedOnToolsVersion = 6.3.1;
						TestTargetID = 8CFC7DCD1AFC694D007A92F3;
					};
				};
			};
			buildConfigurationList = 8CFC7DC91AFC694D007A92F3 /* Build configuration list for PBXProject "Stormy" */;
			compatibilityVersion = "Xcode 3.2";
			developmentRegion = English;
			hasScannedForEncodings = 0;
			knownRegions = (
				en,
				Base,
			);
			mainGroup = 8CFC7DC51AFC694D007A92F3;
			productRefGroup = 8CFC7DCF1AFC694D007A92F3 /* Products */;
			projectDirPath = "";
			projectRoot = "";
			targets = (
				8CFC7DCD1AFC694D007A92F3 /* Stormy */,
				8CFC7DE21AFC694D007A92F3 /* StormyTests */,
			);
		};
/* End PBXProject section */

/* Begin PBXResourcesBuildPhase section */
		8CFC7DCC1AFC694D007A92F3 /* Resources */ = {
			isa = PBXResourcesBuildPhase;
			buildActionMask = 2147483647;
			files = (
				8CFC7DD91AFC694D007A92F3 /* Main.storyboard in Resources */,
				8CFC7DDE1AFC694D007A92F3 /* LaunchScreen.xib in Resources */,
				8C10B3EE1B098A9D00F0AFBF /* ApiKeys.plist in Resources */,
				8CFC7DDB1AFC694D007A92F3 /* Images.xcassets in Resources */,
			);
			runOnlyForDeploymentPostprocessing = 0;
		};
		8CFC7DE11AFC694D007A92F3 /* Resources */ = {
			isa = PBXResourcesBuildPhase;
			buildActionMask = 2147483647;
			files = (
			);
			runOnlyForDeploymentPostprocessing = 0;
		};
/* End PBXResourcesBuildPhase section */

/* Begin PBXSourcesBuildPhase section */
		8CFC7DCA1AFC694D007A92F3 /* Sources */ = {
			isa = PBXSourcesBuildPhase;
			buildActionMask = 2147483647;
			files = (
				8CFC7DF51AFCF479007A92F3 /* Current.swift in Sources */,
				8C276C341AFF9C190003B860 /* CoreLocationController.swift in Sources */,
				8CFC7DD61AFC694D007A92F3 /* ViewController.swift in Sources */,
				8CFC7DD41AFC694D007A92F3 /* AppDelegate.swift in Sources */,
				8C10B3F01B098AEF00F0AFBF /* ApiKeys.swift in Sources */,
			);
			runOnlyForDeploymentPostprocessing = 0;
		};
		8CFC7DDF1AFC694D007A92F3 /* Sources */ = {
			isa = PBXSourcesBuildPhase;
			buildActionMask = 2147483647;
			files = (
				8CFC7DEA1AFC694D007A92F3 /* StormyTests.swift in Sources */,
			);
			runOnlyForDeploymentPostprocessing = 0;
		};
/* End PBXSourcesBuildPhase section */

/* Begin PBXTargetDependency section */
		8CFC7DE51AFC694D007A92F3 /* PBXTargetDependency */ = {
			isa = PBXTargetDependency;
			target = 8CFC7DCD1AFC694D007A92F3 /* Stormy */;
			targetProxy = 8CFC7DE41AFC694D007A92F3 /* PBXContainerItemProxy */;
		};
/* End PBXTargetDependency section */

/* Begin PBXVariantGroup section */
		8CFC7DD71AFC694D007A92F3 /* Main.storyboard */ = {
			isa = PBXVariantGroup;
			children = (
				8CFC7DD81AFC694D007A92F3 /* Base */,
			);
			name = Main.storyboard;
			sourceTree = "<group>";
		};
		8CFC7DDC1AFC694D007A92F3 /* LaunchScreen.xib */ = {
			isa = PBXVariantGroup;
			children = (
				8CFC7DDD1AFC694D007A92F3 /* Base */,
			);
			name = LaunchScreen.xib;
			sourceTree = "<group>";
		};
/* End PBXVariantGroup section */

/* Begin XCBuildConfiguration section */
		8CFC7DEB1AFC694D007A92F3 /* Debug */ = {
			isa = XCBuildConfiguration;
			buildSettings = {
				ALWAYS_SEARCH_USER_PATHS = NO;
				CLANG_CXX_LANGUAGE_STANDARD = "gnu++0x";
				CLANG_CXX_LIBRARY = "libc++";
				CLANG_ENABLE_MODULES = YES;
				CLANG_ENABLE_OBJC_ARC = YES;
				CLANG_WARN_BOOL_CONVERSION = YES;
				CLANG_WARN_CONSTANT_CONVERSION = YES;
				CLANG_WARN_DIRECT_OBJC_ISA_USAGE = YES_ERROR;
				CLANG_WARN_EMPTY_BODY = YES;
				CLANG_WARN_ENUM_CONVERSION = YES;
				CLANG_WARN_INT_CONVERSION = YES;
				CLANG_WARN_OBJC_ROOT_CLASS = YES_ERROR;
				CLANG_WARN_UNREACHABLE_CODE = YES;
				CLANG_WARN__DUPLICATE_METHOD_MATCH = YES;
				"CODE_SIGN_IDENTITY[sdk=iphoneos*]" = "iPhone Developer";
				COPY_PHASE_STRIP = NO;
				DEBUG_INFORMATION_FORMAT = "dwarf-with-dsym";
				ENABLE_STRICT_OBJC_MSGSEND = YES;
				GCC_C_LANGUAGE_STANDARD = gnu99;
				GCC_DYNAMIC_NO_PIC = NO;
				GCC_NO_COMMON_BLOCKS = YES;
				GCC_OPTIMIZATION_LEVEL = 0;
				GCC_PREPROCESSOR_DEFINITIONS = (
					"DEBUG=1",
					"$(inherited)",
				);
				GCC_SYMBOLS_PRIVATE_EXTERN = NO;
				GCC_WARN_64_TO_32_BIT_CONVERSION = YES;
				GCC_WARN_ABOUT_RETURN_TYPE = YES_ERROR;
				GCC_WARN_UNDECLARED_SELECTOR = YES;
				GCC_WARN_UNINITIALIZED_AUTOS = YES_AGGRESSIVE;
				GCC_WARN_UNUSED_FUNCTION = YES;
				GCC_WARN_UNUSED_VARIABLE = YES;
				IPHONEOS_DEPLOYMENT_TARGET = 8.3;
				MTL_ENABLE_DEBUG_INFO = YES;
				ONLY_ACTIVE_ARCH = YES;
				SDKROOT = iphoneos;
				SWIFT_OPTIMIZATION_LEVEL = "-Onone";
			};
			name = Debug;
		};
		8CFC7DEC1AFC694D007A92F3 /* Release */ = {
			isa = XCBuildConfiguration;
			buildSettings = {
				ALWAYS_SEARCH_USER_PATHS = NO;
				CLANG_CXX_LANGUAGE_STANDARD = "gnu++0x";
				CLANG_CXX_LIBRARY = "libc++";
				CLANG_ENABLE_MODULES = YES;
				CLANG_ENABLE_OBJC_ARC = YES;
				CLANG_WARN_BOOL_CONVERSION = YES;
				CLANG_WARN_CONSTANT_CONVERSION = YES;
				CLANG_WARN_DIRECT_OBJC_ISA_USAGE = YES_ERROR;
				CLANG_WARN_EMPTY_BODY = YES;
				CLANG_WARN_ENUM_CONVERSION = YES;
				CLANG_WARN_INT_CONVERSION = YES;
				CLANG_WARN_OBJC_ROOT_CLASS = YES_ERROR;
				CLANG_WARN_UNREACHABLE_CODE = YES;
				CLANG_WARN__DUPLICATE_METHOD_MATCH = YES;
				"CODE_SIGN_IDENTITY[sdk=iphoneos*]" = "iPhone Developer";
				COPY_PHASE_STRIP = NO;
				DEBUG_INFORMATION_FORMAT = "dwarf-with-dsym";
				ENABLE_NS_ASSERTIONS = NO;
				ENABLE_STRICT_OBJC_MSGSEND = YES;
				GCC_C_LANGUAGE_STANDARD = gnu99;
				GCC_NO_COMMON_BLOCKS = YES;
				GCC_WARN_64_TO_32_BIT_CONVERSION = YES;
				GCC_WARN_ABOUT_RETURN_TYPE = YES_ERROR;
				GCC_WARN_UNDECLARED_SELECTOR = YES;
				GCC_WARN_UNINITIALIZED_AUTOS = YES_AGGRESSIVE;
				GCC_WARN_UNUSED_FUNCTION = YES;
				GCC_WARN_UNUSED_VARIABLE = YES;
				IPHONEOS_DEPLOYMENT_TARGET = 8.3;
				MTL_ENABLE_DEBUG_INFO = NO;
				SDKROOT = iphoneos;
				VALIDATE_PRODUCT = YES;
			};
			name = Release;
		};
		8CFC7DEE1AFC694D007A92F3 /* Debug */ = {
			isa = XCBuildConfiguration;
			buildSettings = {
				ASSETCATALOG_COMPILER_APPICON_NAME = AppIcon;
				INFOPLIST_FILE = Stormy/Info.plist;
				LD_RUNPATH_SEARCH_PATHS = "$(inherited) @executable_path/Frameworks";
				PRODUCT_NAME = "$(TARGET_NAME)";
			};
			name = Debug;
		};
		8CFC7DEF1AFC694D007A92F3 /* Release */ = {
			isa = XCBuildConfiguration;
			buildSettings = {
				ASSETCATALOG_COMPILER_APPICON_NAME = AppIcon;
				INFOPLIST_FILE = Stormy/Info.plist;
				LD_RUNPATH_SEARCH_PATHS = "$(inherited) @executable_path/Frameworks";
				PRODUCT_NAME = "$(TARGET_NAME)";
			};
			name = Release;
		};
		8CFC7DF11AFC694D007A92F3 /* Debug */ = {
			isa = XCBuildConfiguration;
			buildSettings = {
				BUNDLE_LOADER = "$(TEST_HOST)";
				FRAMEWORK_SEARCH_PATHS = (
					"$(SDKROOT)/Developer/Library/Frameworks",
					"$(inherited)",
				);
				GCC_PREPROCESSOR_DEFINITIONS = (
					"DEBUG=1",
					"$(inherited)",
				);
				INFOPLIST_FILE = StormyTests/Info.plist;
				LD_RUNPATH_SEARCH_PATHS = "$(inherited) @executable_path/Frameworks @loader_path/Frameworks";
				PRODUCT_NAME = "$(TARGET_NAME)";
				TEST_HOST = "$(BUILT_PRODUCTS_DIR)/Stormy.app/Stormy";
			};
			name = Debug;
		};
		8CFC7DF21AFC694D007A92F3 /* Release */ = {
			isa = XCBuildConfiguration;
			buildSettings = {
				BUNDLE_LOADER = "$(TEST_HOST)";
				FRAMEWORK_SEARCH_PATHS = (
					"$(SDKROOT)/Developer/Library/Frameworks",
					"$(inherited)",
				);
				INFOPLIST_FILE = StormyTests/Info.plist;
				LD_RUNPATH_SEARCH_PATHS = "$(inherited) @executable_path/Frameworks @loader_path/Frameworks";
				PRODUCT_NAME = "$(TARGET_NAME)";
				TEST_HOST = "$(BUILT_PRODUCTS_DIR)/Stormy.app/Stormy";
			};
			name = Release;
		};
/* End XCBuildConfiguration section */

/* Begin XCConfigurationList section */
		8CFC7DC91AFC694D007A92F3 /* Build configuration list for PBXProject "Stormy" */ = {
			isa = XCConfigurationList;
			buildConfigurations = (
				8CFC7DEB1AFC694D007A92F3 /* Debug */,
				8CFC7DEC1AFC694D007A92F3 /* Release */,
			);
			defaultConfigurationIsVisible = 0;
			defaultConfigurationName = Release;
		};
		8CFC7DED1AFC694D007A92F3 /* Build configuration list for PBXNativeTarget "Stormy" */ = {
			isa = XCConfigurationList;
			buildConfigurations = (
				8CFC7DEE1AFC694D007A92F3 /* Debug */,
				8CFC7DEF1AFC694D007A92F3 /* Release */,
			);
			defaultConfigurationIsVisible = 0;
			defaultConfigurationName = Release;
		};
		8CFC7DF01AFC694D007A92F3 /* Build configuration list for PBXNativeTarget "StormyTests" */ = {
			isa = XCConfigurationList;
			buildConfigurations = (
				8CFC7DF11AFC694D007A92F3 /* Debug */,
				8CFC7DF21AFC694D007A92F3 /* Release */,
			);
			defaultConfigurationIsVisible = 0;
			defaultConfigurationName = Release;
		};
/* End XCConfigurationList section */
	};
	rootObject = 8CFC7DC61AFC694D007A92F3 /* Project object */;
}
